
Microsoft Visual Studio Solution File, Format Version 12.00
# Visual Studio Version 17
VisualStudioVersion = 17.0.31903.59
MinimumVisualStudioVersion = 10.0.40219.1
Project("{9A19103F-16F7-4668-BE54-9A1E7A4F7556}") = "Chat.WebAPI", "src\Chat.WebAPI\Chat.WebAPI.csproj", "{1FFEA4D3-2095-4FA6-9149-DF0E3AFB9A00}"
EndProject
Project("{9A19103F-16F7-4668-BE54-9A1E7A4F7556}") = "Chat.DataAccess", "src\Chat.DataAccess\Chat.DataAccess.csproj", "{E2B2E7E0-CBD9-4D03-B22C-172A7D703276}"
EndProject
Project("{9A19103F-16F7-4668-BE54-9A1E7A4F7556}") = "Chat.ApplicationServices", "src\Chat.ApplicationServices\Chat.ApplicationServices.csproj", "{24B2B924-4966-46D6-A44A-79F372A03213}"
EndProject
Global
	GlobalSection(SolutionConfigurationPlatforms) = preSolution
		Debug|Any CPU = Debug|Any CPU
		Release|Any CPU = Release|Any CPU
	EndGlobalSection
	GlobalSection(ProjectConfigurationPlatforms) = postSolution
		{1FFEA4D3-2095-4FA6-9149-DF0E3AFB9A00}.Debug|Any CPU.ActiveCfg = Debug|Any CPU
		{1FFEA4D3-2095-4FA6-9149-DF0E3AFB9A00}.Debug|Any CPU.Build.0 = Debug|Any CPU
		{1FFEA4D3-2095-4FA6-9149-DF0E3AFB9A00}.Release|Any CPU.ActiveCfg = Release|Any CPU
		{1FFEA4D3-2095-4FA6-9149-DF0E3AFB9A00}.Release|Any CPU.Build.0 = Release|Any CPU
		{E2B2E7E0-CBD9-4D03-B22C-172A7D703276}.Debug|Any CPU.ActiveCfg = Debug|Any CPU
		{E2B2E7E0-CBD9-4D03-B22C-172A7D703276}.Debug|Any CPU.Build.0 = Debug|Any CPU
		{E2B2E7E0-CBD9-4D03-B22C-172A7D703276}.Release|Any CPU.ActiveCfg = Release|Any CPU
		{E2B2E7E0-CBD9-4D03-B22C-172A7D703276}.Release|Any CPU.Build.0 = Release|Any CPU
		{24B2B924-4966-46D6-A44A-79F372A03213}.Debug|Any CPU.ActiveCfg = Debug|Any CPU
		{24B2B924-4966-46D6-A44A-79F372A03213}.Debug|Any CPU.Build.0 = Debug|Any CPU
		{24B2B924-4966-46D6-A44A-79F372A03213}.Release|Any CPU.ActiveCfg = Release|Any CPU
		{24B2B924-4966-46D6-A44A-79F372A03213}.Release|Any CPU.Build.0 = Release|Any CPU
	EndGlobalSection
	GlobalSection(SolutionProperties) = preSolution
		HideSolutionNode = FALSE
	EndGlobalSection
	GlobalSection(ExtensibilityGlobals) = postSolution
		SolutionGuid = {FFDB3101-0652-47A8-BA2F-E80CA8A7EB3C}
	EndGlobalSection
EndGlobal
